
Microsoft Visual Studio Solution File, Format Version 12.00
# Visual Studio 15
VisualStudioVersion = 15.0.28010.2036
MinimumVisualStudioVersion = 10.0.40219.1
Project("{FAE04EC0-301F-11D3-BF4B-00C04F79EFBC}") = "TobiiTest", "TobiiTest\TobiiTest.csproj", "{C63FCC72-2C28-4CE3-B0B9-EA23023CE27B}"
EndProject
Project("{FAE04EC0-301F-11D3-BF4B-00C04F79EFBC}") = "TobiiTestTests", "TobiiTestTests\TobiiTestTests.csproj", "{0472CBD8-DCAF-4606-8A44-5D77E44CAE97}"
EndProject
Global
	GlobalSection(SolutionConfigurationPlatforms) = preSolution
		Debug|Any CPU = Debug|Any CPU
		Release|Any CPU = Release|Any CPU
	EndGlobalSection
	GlobalSection(ProjectConfigurationPlatforms) = postSolution
		{C63FCC72-2C28-4CE3-B0B9-EA23023CE27B}.Debug|Any CPU.ActiveCfg = Debug|Any CPU
		{C63FCC72-2C28-4CE3-B0B9-EA23023CE27B}.Debug|Any CPU.Build.0 = Debug|Any CPU
		{C63FCC72-2C28-4CE3-B0B9-EA23023CE27B}.Release|Any CPU.ActiveCfg = Release|Any CPU
		{C63FCC72-2C28-4CE3-B0B9-EA23023CE27B}.Release|Any CPU.Build.0 = Release|Any CPU
		{0472CBD8-DCAF-4606-8A44-5D77E44CAE97}.Debug|Any CPU.ActiveCfg = Debug|Any CPU
		{0472CBD8-DCAF-4606-8A44-5D77E44CAE97}.Debug|Any CPU.Build.0 = Debug|Any CPU
		{0472CBD8-DCAF-4606-8A44-5D77E44CAE97}.Release|Any CPU.ActiveCfg = Release|Any CPU
		{0472CBD8-DCAF-4606-8A44-5D77E44CAE97}.Release|Any CPU.Build.0 = Release|Any CPU
	EndGlobalSection
	GlobalSection(SolutionProperties) = preSolution
		HideSolutionNode = FALSE
	EndGlobalSection
	GlobalSection(ExtensibilityGlobals) = postSolution
		SolutionGuid = {9EDABD8F-58CE-409E-BA58-24133E7B7417}
	EndGlobalSection
EndGlobal
